
Microsoft Visual Studio Solution File, Format Version 12.00
# Visual Studio 15
VisualStudioVersion = 15.0.27703.2042
MinimumVisualStudioVersion = 10.0.40219.1
Project("{FAE04EC0-301F-11D3-BF4B-00C04F79EFBC}") = "Edge detection", "Edge detection\Edge detection.csproj", "{37187C88-1CD1-4139-8878-D2D9DF5834FB}"
EndProject
Global
	GlobalSection(SolutionConfigurationPlatforms) = preSolution
		Debug|Any CPU = Debug|Any CPU
		Release|Any CPU = Release|Any CPU
	EndGlobalSection
	GlobalSection(ProjectConfigurationPlatforms) = postSolution
		{37187C88-1CD1-4139-8878-D2D9DF5834FB}.Debug|Any CPU.ActiveCfg = Debug|Any CPU
		{37187C88-1CD1-4139-8878-D2D9DF5834FB}.Debug|Any CPU.Build.0 = Debug|Any CPU
		{37187C88-1CD1-4139-8878-D2D9DF5834FB}.Release|Any CPU.ActiveCfg = Release|Any CPU
		{37187C88-1CD1-4139-8878-D2D9DF5834FB}.Release|Any CPU.Build.0 = Release|Any CPU
	EndGlobalSection
	GlobalSection(SolutionProperties) = preSolution
		HideSolutionNode = FALSE
	EndGlobalSection
	GlobalSection(ExtensibilityGlobals) = postSolution
		SolutionGuid = {FA57D9DD-4D6A-43AE-A3C7-99B46A339F30}
	EndGlobalSection
EndGlobal
